
Microsoft Visual Studio Solution File, Format Version 12.00
# Visual Studio Version 17
VisualStudioVersion = 17.11.35312.102
MinimumVisualStudioVersion = 10.0.40219.1
Project("{FAE04EC0-301F-11D3-BF4B-00C04F79EFBC}") = "01_MainSubjects", "01_MainSubjects\01_MainSubjects.csproj", "{03DF01EE-770C-45B5-AA7C-6D9A0C112A4A}"
EndProject
Project("{FAE04EC0-301F-11D3-BF4B-00C04F79EFBC}") = "02_Variables", "02_Variables\02_Variables.csproj", "{915D1F68-FE4C-4586-BA1D-72868CCE3175}"
EndProject
Global
	GlobalSection(SolutionConfigurationPlatforms) = preSolution
		Debug|Any CPU = Debug|Any CPU
		Release|Any CPU = Release|Any CPU
	EndGlobalSection
	GlobalSection(ProjectConfigurationPlatforms) = postSolution
		{03DF01EE-770C-45B5-AA7C-6D9A0C112A4A}.Debug|Any CPU.ActiveCfg = Debug|Any CPU
		{03DF01EE-770C-45B5-AA7C-6D9A0C112A4A}.Debug|Any CPU.Build.0 = Debug|Any CPU
		{03DF01EE-770C-45B5-AA7C-6D9A0C112A4A}.Release|Any CPU.ActiveCfg = Release|Any CPU
		{03DF01EE-770C-45B5-AA7C-6D9A0C112A4A}.Release|Any CPU.Build.0 = Release|Any CPU
		{915D1F68-FE4C-4586-BA1D-72868CCE3175}.Debug|Any CPU.ActiveCfg = Debug|Any CPU
		{915D1F68-FE4C-4586-BA1D-72868CCE3175}.Debug|Any CPU.Build.0 = Debug|Any CPU
		{915D1F68-FE4C-4586-BA1D-72868CCE3175}.Release|Any CPU.ActiveCfg = Release|Any CPU
		{915D1F68-FE4C-4586-BA1D-72868CCE3175}.Release|Any CPU.Build.0 = Release|Any CPU
	EndGlobalSection
	GlobalSection(SolutionProperties) = preSolution
		HideSolutionNode = FALSE
	EndGlobalSection
	GlobalSection(ExtensibilityGlobals) = postSolution
		SolutionGuid = {52E89825-C9EA-4061-B9A6-2B2CC9FF1B60}
	EndGlobalSection
EndGlobal
